{
  "nodes": {
    "beautysh": {
      "inputs": {
        "flake-utils": "flake-utils",
        "nixpkgs": "nixpkgs",
        "poetry2nix": "poetry2nix"
      },
      "locked": {
        "lastModified": 1641830469,
        "narHash": "sha256-uhDmgNP/biOWe4FtOa6c2xZnREH+NP9rdrMm0LccRUk=",
        "owner": "lovesegfault",
        "repo": "beautysh",
        "rev": "e85d9736927c0fcf2abb05cb3a2d8d9b4502a2eb",
        "type": "github"
      },
      "original": {
        "owner": "lovesegfault",
        "repo": "beautysh",
        "type": "github"
      }
    },
    "blank": {
      "locked": {
        "lastModified": 1625557891,
        "narHash": "sha256-O8/MWsPBGhhyPoPLHZAuoZiiHo9q6FLlEeIDEXuj6T4=",
        "owner": "divnix",
        "repo": "blank",
        "rev": "5a5d2684073d9f563072ed07c871d577a6c614a8",
        "type": "github"
      },
      "original": {
        "owner": "divnix",
        "repo": "blank",
        "type": "github"
      }
    },
    "bud": {
      "inputs": {
        "beautysh": "beautysh",
        "devshell": [
          "devshell"
        ],
        "nixpkgs": [
          "nixos"
        ]
      },
      "locked": {
        "lastModified": 1654190822,
        "narHash": "sha256-B8z3stYaULNDBBjzJHrFHGgiJHrLqhBkxH+9u5iBP7E=",
        "owner": "divnix",
        "repo": "bud",
        "rev": "0ff3e4e4b8791ea4d827bf5bfcac28cef060f209",
        "type": "github"
      },
      "original": {
        "owner": "divnix",
        "repo": "bud",
        "type": "github"
      }
    },
    "darwin": {
      "inputs": {
        "nixpkgs": [
          "nixpkgs-darwin-stable"
        ]
      },
      "locked": {
        "lastModified": 1667419884,
        "narHash": "sha256-oLNw87ZI5NxTMlNQBv1wG2N27CUzo9admaFlnmavpiY=",
        "owner": "LnL7",
        "repo": "nix-darwin",
        "rev": "cfc0125eafadc9569d3d6a16ee928375b77e3100",
        "type": "github"
      },
      "original": {
        "owner": "LnL7",
        "repo": "nix-darwin",
        "type": "github"
      }
    },
    "darwin_2": {
      "inputs": {
        "nixpkgs": [
          "digga",
          "nixpkgs"
        ]
      },
      "locked": {
        "lastModified": 1651916036,
        "narHash": "sha256-UuD9keUGm4IuVEV6wdSYbuRm7CwfXE63hVkzKDjVsh4=",
        "owner": "LnL7",
        "repo": "nix-darwin",
        "rev": "2f2bdf658d2b79bada78dc914af99c53cad37cba",
        "type": "github"
      },
      "original": {
        "owner": "LnL7",
        "repo": "nix-darwin",
        "type": "github"
      }
    },
    "deploy": {
      "inputs": {
        "flake-compat": "flake-compat",
        "nixpkgs": [
          "nixos"
        ],
        "utils": "utils"
      },
      "locked": {
        "lastModified": 1668166163,
        "narHash": "sha256-XCuM+n98KcG0v+DT1HolGCO3j5FOBUjV4K8YcZsVeQw=",
        "owner": "serokell",
        "repo": "deploy-rs",
        "rev": "b011f13bc577b978f52aaefde5605332f7bca7e9",
        "type": "github"
      },
      "original": {
        "owner": "serokell",
        "repo": "deploy-rs",
        "type": "github"
      }
    },
    "devshell": {
      "inputs": {
        "flake-utils": "flake-utils_2",
        "nixpkgs": [
          "nixos"
        ]
      },
      "locked": {
        "lastModified": 1667210711,
        "narHash": "sha256-IoErjXZAkzYWHEpQqwu/DeRNJGFdR7X2OGbkhMqMrpw=",
        "owner": "numtide",
        "repo": "devshell",
        "rev": "96a9dd12b8a447840cc246e17a47b81a4268bba7",
        "type": "github"
      },
      "original": {
        "owner": "numtide",
        "repo": "devshell",
        "type": "github"
      }
    },
    "digga": {
      "inputs": {
        "blank": "blank",
        "darwin": "darwin_2",
        "deploy": [
          "deploy"
        ],
        "devshell": [
          "devshell"
        ],
        "flake-compat": "flake-compat_2",
        "flake-utils-plus": [
          "flake-utils-plus"
        ],
        "home-manager": [
          "home"
        ],
        "latest": [
          "latest"
        ],
        "nixlib": [
          "nixos"
        ],
        "nixpkgs": [
          "nixos"
        ],
        "nixpkgs-unstable": "nixpkgs-unstable"
      },
      "locked": {
        "lastModified": 1667752430,
        "narHash": "sha256-jaLicp8Fg7aeSc034DE5W4wfX2R5nFCaW6Cqx6TTwB0=",
        "owner": "divnix",
        "repo": "digga",
        "rev": "a1c669b4318612954505c2feff534f2b453fc45b",
        "type": "github"
      },
      "original": {
        "owner": "divnix",
        "repo": "digga",
        "type": "github"
      }
    },
    "flake-compat": {
      "flake": false,
      "locked": {
        "lastModified": 1648199409,
        "narHash": "sha256-JwPKdC2PoVBkG6E+eWw3j6BMR6sL3COpYWfif7RVb8Y=",
        "owner": "edolstra",
        "repo": "flake-compat",
        "rev": "64a525ee38886ab9028e6f61790de0832aa3ef03",
        "type": "github"
      },
      "original": {
        "owner": "edolstra",
        "repo": "flake-compat",
        "type": "github"
      }
    },
    "flake-compat_2": {
      "flake": false,
      "locked": {
        "lastModified": 1650374568,
        "narHash": "sha256-Z+s0J8/r907g149rllvwhb4pKi8Wam5ij0st8PwAh+E=",
        "owner": "edolstra",
        "repo": "flake-compat",
        "rev": "b4a34015c698c7793d592d66adbab377907a2be8",
        "type": "github"
      },
      "original": {
        "owner": "edolstra",
        "repo": "flake-compat",
        "type": "github"
      }
    },
    "flake-compat_3": {
      "flake": false,
      "locked": {
        "lastModified": 1650374568,
        "narHash": "sha256-Z+s0J8/r907g149rllvwhb4pKi8Wam5ij0st8PwAh+E=",
        "owner": "edolstra",
        "repo": "flake-compat",
        "rev": "b4a34015c698c7793d592d66adbab377907a2be8",
        "type": "github"
      },
      "original": {
        "owner": "edolstra",
        "repo": "flake-compat",
        "type": "github"
      }
    },
    "flake-compat_4": {
      "flake": false,
      "locked": {
        "lastModified": 1650374568,
        "narHash": "sha256-Z+s0J8/r907g149rllvwhb4pKi8Wam5ij0st8PwAh+E=",
        "owner": "edolstra",
        "repo": "flake-compat",
        "rev": "b4a34015c698c7793d592d66adbab377907a2be8",
        "type": "github"
      },
      "original": {
        "owner": "edolstra",
        "repo": "flake-compat",
        "type": "github"
      }
    },
    "flake-utils": {
      "locked": {
        "lastModified": 1631561581,
        "narHash": "sha256-3VQMV5zvxaVLvqqUrNz3iJelLw30mIVSfZmAaauM3dA=",
        "owner": "numtide",
        "repo": "flake-utils",
        "rev": "7e5bf3925f6fbdfaf50a2a7ca0be2879c4261d19",
        "type": "github"
      },
      "original": {
        "owner": "numtide",
        "repo": "flake-utils",
        "type": "github"
      }
    },
    "flake-utils-plus": {
      "inputs": {
        "flake-utils": [
          "flake-utils"
        ]
      },
      "locked": {
        "lastModified": 1654029967,
        "narHash": "sha256-my3GQ3mQIw/1f6GPV1IhUZrcYQSWh0YJAMPNBjhXJDw=",
        "owner": "gytis-ivaskevicius",
        "repo": "flake-utils-plus",
        "rev": "6271cf3842ff9c8a9af9e3508c547f86bc77d199",
        "type": "github"
      },
      "original": {
        "owner": "gytis-ivaskevicius",
        "ref": "refs/pull/120/head",
        "repo": "flake-utils-plus",
        "type": "github"
      }
    },
    "flake-utils_2": {
      "locked": {
        "lastModified": 1642700792,
        "narHash": "sha256-XqHrk7hFb+zBvRg6Ghl+AZDq03ov6OshJLiSWOoX5es=",
        "owner": "numtide",
        "repo": "flake-utils",
        "rev": "846b2ae0fc4cc943637d3d1def4454213e203cba",
        "type": "github"
      },
      "original": {
        "owner": "numtide",
        "repo": "flake-utils",
        "type": "github"
      }
    },
    "flake-utils_3": {
      "locked": {
        "lastModified": 1667395993,
        "narHash": "sha256-nuEHfE/LcWyuSWnS8t12N1wc105Qtau+/OdUAjtQ0rA=",
        "owner": "numtide",
        "repo": "flake-utils",
        "rev": "5aed5285a952e0b949eb3ba02c12fa4fcfef535f",
        "type": "github"
      },
      "original": {
        "owner": "numtide",
        "repo": "flake-utils",
        "type": "github"
      }
    },
    "home": {
      "inputs": {
        "nixpkgs": [
          "nixos"
        ]
      },
      "locked": {
        "lastModified": 1667907331,
        "narHash": "sha256-bHkAwkYlBjkupPUFcQjimNS8gxWSWjOTevEuwdnp5m0=",
        "owner": "nix-community",
        "repo": "home-manager",
        "rev": "6639e3a837fc5deb6f99554072789724997bc8e5",
        "type": "github"
      },
      "original": {
        "owner": "nix-community",
        "ref": "release-22.05",
        "repo": "home-manager",
        "type": "github"
      }
    },
    "jabs-nvim": {
      "flake": false,
      "locked": {
        "lastModified": 1663166336,
        "narHash": "sha256-z8p36etgG73WMmFyT6VqY/vISRjwCzwSJJYZDHqD+MA=",
        "owner": "matbme",
        "repo": "JABS.nvim",
        "rev": "4ec901b1f30ae121f462380509800debdb273215",
        "type": "github"
      },
      "original": {
        "owner": "matbme",
        "repo": "JABS.nvim",
        "type": "github"
      }
    },
    "k8s": {
      "locked": {
        "lastModified": 1666401273,
        "narHash": "sha256-AG3MoIjcWwz1SPjJ2nymWu4NmeVj9P40OpB1lsmxFtg=",
        "owner": "nixos",
        "repo": "nixpkgs",
        "rev": "3933d8bb9120573c0d8d49dc5e890cb211681490",
        "type": "github"
      },
      "original": {
        "owner": "nixos",
        "repo": "nixpkgs",
        "rev": "3933d8bb9120573c0d8d49dc5e890cb211681490",
        "type": "github"
      }
    },
    "latest": {
      "locked": {
        "lastModified": 1667991831,
        "narHash": "sha256-DHgEsLZI044B9T4AjA3K6+yB9/DqLr4dyA7OIx0FG7o=",
        "owner": "nixos",
        "repo": "nixpkgs",
        "rev": "872fceeed60ae6b7766cc0a4cd5bf5901b9098ec",
        "type": "github"
      },
      "original": {
        "owner": "nixos",
        "ref": "nixos-unstable",
        "repo": "nixpkgs",
        "type": "github"
      }
    },
    "mach-nix": {
      "inputs": {
        "flake-utils": [
          "flake-utils"
        ],
        "nixpkgs": [
          "nixos"
        ],
        "pypi-deps-db": [
          "pypi-deps-db"
        ]
      },
      "locked": {
        "lastModified": 1667918925,
        "narHash": "sha256-jCZ4iI4UCOC+T5SEgoCbUzqaeMo5WT3DcFwqwvn2fEs=",
        "owner": "DavHau",
        "repo": "mach-nix",
        "rev": "913e6c16f986746ba5507878ef7ff992804d1fa8",
        "type": "github"
      },
      "original": {
        "owner": "DavHau",
        "repo": "mach-nix",
        "type": "github"
      }
    },
    "naersk": {
      "inputs": {
        "nixpkgs": [
          "nixos"
        ]
      },
      "locked": {
        "lastModified": 1662220400,
        "narHash": "sha256-9o2OGQqu4xyLZP9K6kNe1pTHnyPz0Wr3raGYnr9AIgY=",
        "owner": "nmattia",
        "repo": "naersk",
        "rev": "6944160c19cb591eb85bbf9b2f2768a935623ed3",
        "type": "github"
      },
      "original": {
        "owner": "nmattia",
        "repo": "naersk",
        "type": "github"
      }
    },
    "nix-formatter-pack": {
      "inputs": {
        "nixpkgs": [
          "nix-on-droid",
          "nixpkgs"
        ],
        "nmd": "nmd",
        "nmt": "nmt"
      },
      "locked": {
        "lastModified": 1666720474,
        "narHash": "sha256-iWojjDS1D19zpeZXbBdjWb9MiKmVVFQCqtJmtTXgPx8=",
        "owner": "Gerschtli",
        "repo": "nix-formatter-pack",
        "rev": "14876cc8fe94a3d329964ecb073b4c988c7b61f5",
        "type": "github"
      },
      "original": {
        "owner": "Gerschtli",
        "repo": "nix-formatter-pack",
        "type": "github"
      }
    },
    "nix-npm-buildpackage": {
      "inputs": {
        "nixpkgs": [
          "nixos"
        ]
      },
      "locked": {
        "lastModified": 1666251292,
        "narHash": "sha256-8U27YbBwITbnVcC/PBQWsOP2EkpBMfKlD82Fb4NBOcc=",
        "owner": "serokell",
        "repo": "nix-npm-buildpackage",
        "rev": "47f5444116df877b22cd262bfd01d0874f370e8a",
        "type": "github"
      },
      "original": {
        "owner": "serokell",
        "repo": "nix-npm-buildpackage",
        "type": "github"
      }
    },
    "nix-on-droid": {
      "inputs": {
        "home-manager": [
          "home"
        ],
        "nix-formatter-pack": "nix-formatter-pack",
        "nixpkgs": [
          "nixos"
        ],
        "nixpkgs-for-bootstrap": "nixpkgs-for-bootstrap"
      },
      "locked": {
        "lastModified": 1667935792,
        "narHash": "sha256-xdTToQCBJFhslIsIOIjBFyVSiESLht5B5UjCjk99scY=",
        "owner": "t184256",
        "repo": "nix-on-droid",
        "rev": "27c206f57ac7c6434b53032d3625fd5cb73bb325",
        "type": "github"
      },
      "original": {
        "owner": "t184256",
        "repo": "nix-on-droid",
        "type": "github"
      }
    },
    "nixlib": {
      "locked": {
        "lastModified": 1636849918,
        "narHash": "sha256-nzUK6dPcTmNVrgTAC1EOybSMsrcx+QrVPyqRdyKLkjA=",
        "owner": "nix-community",
        "repo": "nixpkgs.lib",
        "rev": "28a5b0557f14124608db68d3ee1f77e9329e9dd5",
        "type": "github"
      },
      "original": {
        "owner": "nix-community",
        "repo": "nixpkgs.lib",
        "type": "github"
      }
    },
    "nixos": {
      "locked": {
        "lastModified": 1668016843,
        "narHash": "sha256-ioBuF+IAhmJO7s4ewEij1LkMxJvCCNCKXxMto/DU02I=",
        "owner": "nixos",
        "repo": "nixpkgs",
        "rev": "fa842715565307b7e05cdb187b08c05f16ed08f1",
        "type": "github"
      },
      "original": {
        "owner": "nixos",
        "ref": "nixos-22.05",
        "repo": "nixpkgs",
        "type": "github"
      }
    },
    "nixos-generators": {
      "inputs": {
        "nixlib": "nixlib",
        "nixpkgs": [
          "nixos"
        ]
      },
      "locked": {
        "lastModified": 1666812839,
        "narHash": "sha256-0nBDgjPU+iDsvz89W+cDEyhnFGSwCJmwDl/gMGqYiU0=",
        "owner": "nix-community",
        "repo": "nixos-generators",
        "rev": "41f3518bc194389df22a3d198215eae75e6b5ab9",
        "type": "github"
      },
      "original": {
        "owner": "nix-community",
        "repo": "nixos-generators",
        "type": "github"
      }
    },
    "nixos-hardware": {
      "locked": {
        "lastModified": 1668157555,
        "narHash": "sha256-s5rt2FSmV4PWt89rjt4cvBGOhPizStsinkIB0BXnKrk=",
        "owner": "nixos",
        "repo": "nixos-hardware",
        "rev": "062c3cca468a4b404ddd964fb444b665e4da982e",
        "type": "github"
      },
      "original": {
        "owner": "nixos",
        "repo": "nixos-hardware",
        "type": "github"
      }
    },
    "nixos-wsl": {
      "inputs": {
        "flake-compat": "flake-compat_3",
        "flake-utils": [
          "flake-utils"
        ],
        "nixpkgs": [
          "nixos"
        ]
      },
      "locked": {
        "lastModified": 1667989099,
        "narHash": "sha256-mVvXK09YCTkl79J442/4GDeDACB3QiwBvooxOURh3/Y=",
        "owner": "nix-community",
        "repo": "NixOS-WSL",
        "rev": "a4bbcf329a98a7faf79d10370278f87e836e1d7c",
        "type": "github"
      },
      "original": {
        "owner": "nix-community",
        "repo": "NixOS-WSL",
        "type": "github"
      }
    },
    "nixpkgs": {
      "locked": {
        "lastModified": 1633971123,
        "narHash": "sha256-WmI4NbH1IPGFWVkuBkKoYgOnxgwSfWDgdZplJlQ93vA=",
        "owner": "NixOS",
        "repo": "nixpkgs",
        "rev": "e4ef597edfd8a0ba5f12362932fc9b1dd01a0aef",
        "type": "github"
      },
      "original": {
        "owner": "NixOS",
        "ref": "nixos-unstable-small",
        "repo": "nixpkgs",
        "type": "github"
      }
    },
    "nixpkgs-darwin-stable": {
      "locked": {
        "lastModified": 1668133646,
        "narHash": "sha256-a3mV1MIkbxbW/t0nrxSCbEQbm2DL16toW3TwSwzRz6k=",
        "owner": "NixOS",
        "repo": "nixpkgs",
        "rev": "42ad3b9bdf2467802b57dff9aea33e16f12ce1c3",
        "type": "github"
      },
      "original": {
        "owner": "NixOS",
        "ref": "nixpkgs-22.05-darwin",
        "repo": "nixpkgs",
        "type": "github"
      }
    },
    "nixpkgs-for-bootstrap": {
      "locked": {
        "lastModified": 1656265786,
        "narHash": "sha256-A9RkoGrxzsmMm0vily18p92Rasb+MbdDMaSnzmywXKw=",
        "owner": "NixOS",
        "repo": "nixpkgs",
        "rev": "cd90e773eae83ba7733d2377b6cdf84d45558780",
        "type": "github"
      },
      "original": {
        "owner": "NixOS",
        "repo": "nixpkgs",
        "rev": "cd90e773eae83ba7733d2377b6cdf84d45558780",
        "type": "github"
      }
    },
    "nixpkgs-unstable": {
      "locked": {
        "lastModified": 1657292830,
        "narHash": "sha256-ldfVSTveWceDCmW6gf3B4kR6vwmz/XS80y5wsLLHFJU=",
        "owner": "nixos",
        "repo": "nixpkgs",
        "rev": "334ec8b503c3981e37a04b817a70e8d026ea9e84",
        "type": "github"
      },
      "original": {
        "owner": "nixos",
        "ref": "nixpkgs-unstable",
        "repo": "nixpkgs",
        "type": "github"
      }
    },
    "nixpkgs_2": {
      "locked": {
        "lastModified": 1668086072,
        "narHash": "sha256-msFoXI5ThCmhTTqgl27hpCXWhaeqxphBaleJAgD8JYM=",
        "owner": "NixOS",
        "repo": "nixpkgs",
        "rev": "72d8853228c9758820c39b8659415b6d89279493",
        "type": "github"
      },
      "original": {
        "id": "nixpkgs",
        "type": "indirect"
      }
    },
    "nmd": {
      "flake": false,
      "locked": {
        "lastModified": 1666190571,
        "narHash": "sha256-Z1hc7M9X6L+H83o9vOprijpzhTfOBjd0KmUTnpHAVjA=",
        "owner": "rycee",
        "repo": "nmd",
        "rev": "b75d312b4f33bd3294cd8ae5c2ca8c6da2afc169",
        "type": "gitlab"
      },
      "original": {
        "owner": "rycee",
        "repo": "nmd",
        "type": "gitlab"
      }
    },
    "nmt": {
      "flake": false,
      "locked": {
        "lastModified": 1648075362,
        "narHash": "sha256-u36WgzoA84dMVsGXzml4wZ5ckGgfnvS0ryzo/3zn/Pc=",
        "owner": "rycee",
        "repo": "nmt",
        "rev": "d83601002c99b78c89ea80e5e6ba21addcfe12ae",
        "type": "gitlab"
      },
      "original": {
        "owner": "rycee",
        "repo": "nmt",
        "type": "gitlab"
      }
    },
    "nur": {
      "locked": {
        "lastModified": 1668215044,
        "narHash": "sha256-4kg0t5rmpXbYKZph0hNE7BQj/ciaisCRl17DNKkJvOk=",
        "owner": "nix-community",
        "repo": "NUR",
        "rev": "7ba507793a0d0113557bdd8033ab34e815666e28",
        "type": "github"
      },
      "original": {
        "owner": "nix-community",
        "repo": "NUR",
        "type": "github"
      }
    },
    "nvfetcher": {
      "inputs": {
        "flake-compat": "flake-compat_4",
        "flake-utils": [
          "flake-utils"
        ],
        "nixpkgs": [
          "nixos"
        ]
      },
      "locked": {
        "lastModified": 1667620329,
        "narHash": "sha256-v1Zk7rtEbAGpevBGPZvZBKpwbmw4I+uVwxvd+pBlp3o=",
        "owner": "berberman",
        "repo": "nvfetcher",
        "rev": "294826951113dcd3aa9abbcacfb1aa5b95a19116",
        "type": "github"
      },
      "original": {
        "owner": "berberman",
        "repo": "nvfetcher",
        "type": "github"
      }
    },
    "poetry2nix": {
      "inputs": {
        "flake-utils": [
          "bud",
          "beautysh",
          "flake-utils"
        ],
        "nixpkgs": [
          "bud",
          "beautysh",
          "nixpkgs"
        ]
      },
      "locked": {
        "lastModified": 1633382856,
        "narHash": "sha256-hYlet806M9xJj4yxf0g5fhDT2IEUVIMAl7sqIeZ8DUM=",
        "owner": "nix-community",
        "repo": "poetry2nix",
        "rev": "705cbfa10e3d9bfed2e59e0256844ae3704dbd7e",
        "type": "github"
      },
      "original": {
        "owner": "nix-community",
        "repo": "poetry2nix",
        "type": "github"
      }
    },
    "pypi-deps-db": {
      "flake": false,
      "locked": {
        "lastModified": 1668198222,
        "narHash": "sha256-MGBre2wz+c//2sCibflAQt4J7+2+cb6/Oq6TnDNkbHI=",
        "owner": "DavHau",
        "repo": "pypi-deps-db",
        "rev": "6e4251b05170780f80a18992cfcf0f4d2797be2c",
        "type": "github"
      },
      "original": {
        "owner": "DavHau",
        "repo": "pypi-deps-db",
        "type": "github"
      }
    },
    "root": {
      "inputs": {
        "bud": "bud",
        "darwin": "darwin",
        "deploy": "deploy",
        "devshell": "devshell",
        "digga": "digga",
        "flake-utils": "flake-utils_3",
        "flake-utils-plus": "flake-utils-plus",
        "home": "home",
        "jabs-nvim": "jabs-nvim",
        "k8s": "k8s",
        "latest": "latest",
        "mach-nix": "mach-nix",
        "naersk": "naersk",
        "nix-npm-buildpackage": "nix-npm-buildpackage",
        "nix-on-droid": "nix-on-droid",
        "nixos": "nixos",
        "nixos-generators": "nixos-generators",
        "nixos-hardware": "nixos-hardware",
        "nixos-wsl": "nixos-wsl",
        "nixpkgs": "nixpkgs_2",
        "nixpkgs-darwin-stable": "nixpkgs-darwin-stable",
        "nur": "nur",
        "nvfetcher": "nvfetcher",
        "pypi-deps-db": "pypi-deps-db",
        "sops-nix": "sops-nix"
      }
    },
    "sops-nix": {
      "inputs": {
        "nixpkgs": [
          "nixos"
        ]
      },
      "locked": {
        "lastModified": 1657400508,
        "narHash": "sha256-B4Sy180KA0k1rJopa0MM4zZyClYbrE4Unltwr/Bw8TI=",
        "owner": "TrueLecter",
        "repo": "sops-nix",
        "rev": "06f83d6617767f11b2fc92ee068649a0fde090a0",
        "type": "github"
      },
      "original": {
        "owner": "TrueLecter",
        "ref": "darwin",
        "repo": "sops-nix",
        "type": "github"
      }
    },
    "utils": {
      "locked": {
        "lastModified": 1648297722,
        "narHash": "sha256-W+qlPsiZd8F3XkzXOzAoR+mpFqzm3ekQkJNa+PIh1BQ=",
        "owner": "numtide",
        "repo": "flake-utils",
        "rev": "0f8662f1319ad6abf89b3380dd2722369fc51ade",
        "type": "github"
      },
      "original": {
        "owner": "numtide",
        "repo": "flake-utils",
        "type": "github"
      }
    }
  },
  "root": "root",
  "version": 7
}
